// !$*UTF8*$!
{
	archiveVersion = 1;
	classes = {
	};
	objectVersion = 51;
	objects = {

/* Begin PBXBuildFile section */
		3A459647240215F800F86A00 /* Extensions.swift in Sources */ = {isa = PBXBuildFile; fileRef = 3A459646240215F800F86A00 /* Extensions.swift */; };
		3A94B6A02401F39600B66957 /* AppDelegate.swift in Sources */ = {isa = PBXBuildFile; fileRef = 3A94B69F2401F39600B66957 /* AppDelegate.swift */; };
		3A94B6A22401F39600B66957 /* SceneDelegate.swift in Sources */ = {isa = PBXBuildFile; fileRef = 3A94B6A12401F39600B66957 /* SceneDelegate.swift */; };
		3A94B6A92401F39800B66957 /* Assets.xcassets in Resources */ = {isa = PBXBuildFile; fileRef = 3A94B6A82401F39800B66957 /* Assets.xcassets */; };
		3A94B6AC2401F39800B66957 /* LaunchScreen.storyboard in Resources */ = {isa = PBXBuildFile; fileRef = 3A94B6AA2401F39800B66957 /* LaunchScreen.storyboard */; };
		3A94B6B92401F49900B66957 /* MainTabController.swift in Sources */ = {isa = PBXBuildFile; fileRef = 3A94B6B82401F49900B66957 /* MainTabController.swift */; };
		3A94B6BB2401F5E600B66957 /* FeedController.swift in Sources */ = {isa = PBXBuildFile; fileRef = 3A94B6BA2401F5E600B66957 /* FeedController.swift */; };
		3A94B6BD2401F61500B66957 /* ExploreController.swift in Sources */ = {isa = PBXBuildFile; fileRef = 3A94B6BC2401F61500B66957 /* ExploreController.swift */; };
		3A94B6C02401F62A00B66957 /* NotificationController.swift in Sources */ = {isa = PBXBuildFile; fileRef = 3A94B6BF2401F62A00B66957 /* NotificationController.swift */; };
		3A94B6C22401F64200B66957 /* ConversationsController.swift in Sources */ = {isa = PBXBuildFile; fileRef = 3A94B6C12401F64200B66957 /* ConversationsController.swift */; };
		3AAA4D9424028A48007DCFAB /* AuthService.swift in Sources */ = {isa = PBXBuildFile; fileRef = 3AAA4D9324028A48007DCFAB /* AuthService.swift */; };
		3AAA4D9624028BCE007DCFAB /* Constracts.swift in Sources */ = {isa = PBXBuildFile; fileRef = 3AAA4D9524028BCE007DCFAB /* Constracts.swift */; };
		3AAA4D9824028C19007DCFAB /* FirestoreReferences.swift in Sources */ = {isa = PBXBuildFile; fileRef = 3AAA4D9724028C19007DCFAB /* FirestoreReferences.swift */; };
		3AAD840224021E7400C3ECE2 /* LoginVC.swift in Sources */ = {isa = PBXBuildFile; fileRef = 3AAD840124021E7400C3ECE2 /* LoginVC.swift */; };
		3AAD840424021EAE00C3ECE2 /* SignUpVC.swift in Sources */ = {isa = PBXBuildFile; fileRef = 3AAD840324021EAE00C3ECE2 /* SignUpVC.swift */; };
		3AAD8406240236D000C3ECE2 /* GoogleService-Info.plist in Resources */ = {isa = PBXBuildFile; fileRef = 3AAD8405240236D000C3ECE2 /* GoogleService-Info.plist */; };
		3AC8F620240362EF00DD326D /* UserService.swift in Sources */ = {isa = PBXBuildFile; fileRef = 3AC8F61F240362EF00DD326D /* UserService.swift */; };
		3AC8F6222403638E00DD326D /* User.swift in Sources */ = {isa = PBXBuildFile; fileRef = 3AC8F6212403638E00DD326D /* User.swift */; };
		7F573B10F2B27A042051CF64 /* Pods_MVVM_Twitter.framework in Frameworks */ = {isa = PBXBuildFile; fileRef = 06F70B706193EBAE17A4E456 /* Pods_MVVM_Twitter.framework */; };
/* End PBXBuildFile section */

/* Begin PBXFileReference section */
		06F70B706193EBAE17A4E456 /* Pods_MVVM_Twitter.framework */ = {isa = PBXFileReference; explicitFileType = wrapper.framework; includeInIndex = 0; path = Pods_MVVM_Twitter.framework; sourceTree = BUILT_PRODUCTS_DIR; };
		08055F9739B4208537284D59 /* Pods-MVVM-Twitter.release.xcconfig */ = {isa = PBXFileReference; includeInIndex = 1; lastKnownFileType = text.xcconfig; name = "Pods-MVVM-Twitter.release.xcconfig"; path = "Target Support Files/Pods-MVVM-Twitter/Pods-MVVM-Twitter.release.xcconfig"; sourceTree = "<group>"; };
		3237E7DD5B03F8C452222D87 /* Pods-MVVM-Twitter.debug.xcconfig */ = {isa = PBXFileReference; includeInIndex = 1; lastKnownFileType = text.xcconfig; name = "Pods-MVVM-Twitter.debug.xcconfig"; path = "Target Support Files/Pods-MVVM-Twitter/Pods-MVVM-Twitter.debug.xcconfig"; sourceTree = "<group>"; };
		3A459646240215F800F86A00 /* Extensions.swift */ = {isa = PBXFileReference; lastKnownFileType = sourcecode.swift; path = Extensions.swift; sourceTree = "<group>"; };
		3A94B69C2401F39600B66957 /* MVVM-Twitter.app */ = {isa = PBXFileReference; explicitFileType = wrapper.application; includeInIndex = 0; path = "MVVM-Twitter.app"; sourceTree = BUILT_PRODUCTS_DIR; };
		3A94B69F2401F39600B66957 /* AppDelegate.swift */ = {isa = PBXFileReference; lastKnownFileType = sourcecode.swift; path = AppDelegate.swift; sourceTree = "<group>"; };
		3A94B6A12401F39600B66957 /* SceneDelegate.swift */ = {isa = PBXFileReference; lastKnownFileType = sourcecode.swift; path = SceneDelegate.swift; sourceTree = "<group>"; };
		3A94B6A82401F39800B66957 /* Assets.xcassets */ = {isa = PBXFileReference; lastKnownFileType = folder.assetcatalog; path = Assets.xcassets; sourceTree = "<group>"; };
		3A94B6AB2401F39800B66957 /* Base */ = {isa = PBXFileReference; lastKnownFileType = file.storyboard; name = Base; path = Base.lproj/LaunchScreen.storyboard; sourceTree = "<group>"; };
		3A94B6AD2401F39800B66957 /* Info.plist */ = {isa = PBXFileReference; lastKnownFileType = text.plist.xml; path = Info.plist; sourceTree = "<group>"; };
		3A94B6B82401F49900B66957 /* MainTabController.swift */ = {isa = PBXFileReference; lastKnownFileType = sourcecode.swift; path = MainTabController.swift; sourceTree = "<group>"; };
		3A94B6BA2401F5E600B66957 /* FeedController.swift */ = {isa = PBXFileReference; lastKnownFileType = sourcecode.swift; path = FeedController.swift; sourceTree = "<group>"; };
		3A94B6BC2401F61500B66957 /* ExploreController.swift */ = {isa = PBXFileReference; lastKnownFileType = sourcecode.swift; path = ExploreController.swift; sourceTree = "<group>"; };
		3A94B6BF2401F62A00B66957 /* NotificationController.swift */ = {isa = PBXFileReference; lastKnownFileType = sourcecode.swift; path = NotificationController.swift; sourceTree = "<group>"; };
		3A94B6C12401F64200B66957 /* ConversationsController.swift */ = {isa = PBXFileReference; lastKnownFileType = sourcecode.swift; path = ConversationsController.swift; sourceTree = "<group>"; };
		3AAA4D9324028A48007DCFAB /* AuthService.swift */ = {isa = PBXFileReference; lastKnownFileType = sourcecode.swift; path = AuthService.swift; sourceTree = "<group>"; };
		3AAA4D9524028BCE007DCFAB /* Constracts.swift */ = {isa = PBXFileReference; lastKnownFileType = sourcecode.swift; path = Constracts.swift; sourceTree = "<group>"; };
		3AAA4D9724028C19007DCFAB /* FirestoreReferences.swift */ = {isa = PBXFileReference; lastKnownFileType = sourcecode.swift; path = FirestoreReferences.swift; sourceTree = "<group>"; };
		3AAD840124021E7400C3ECE2 /* LoginVC.swift */ = {isa = PBXFileReference; lastKnownFileType = sourcecode.swift; path = LoginVC.swift; sourceTree = "<group>"; };
		3AAD840324021EAE00C3ECE2 /* SignUpVC.swift */ = {isa = PBXFileReference; lastKnownFileType = sourcecode.swift; path = SignUpVC.swift; sourceTree = "<group>"; };
		3AAD8405240236D000C3ECE2 /* GoogleService-Info.plist */ = {isa = PBXFileReference; fileEncoding = 4; lastKnownFileType = text.plist.xml; path = "GoogleService-Info.plist"; sourceTree = "<group>"; };
		3AC8F61F240362EF00DD326D /* UserService.swift */ = {isa = PBXFileReference; lastKnownFileType = sourcecode.swift; path = UserService.swift; sourceTree = "<group>"; };
		3AC8F6212403638E00DD326D /* User.swift */ = {isa = PBXFileReference; lastKnownFileType = sourcecode.swift; path = User.swift; sourceTree = "<group>"; };
/* End PBXFileReference section */

/* Begin PBXFrameworksBuildPhase section */
		3A94B6992401F39600B66957 /* Frameworks */ = {
			isa = PBXFrameworksBuildPhase;
			buildActionMask = 2147483647;
			files = (
				7F573B10F2B27A042051CF64 /* Pods_MVVM_Twitter.framework in Frameworks */,
			);
			runOnlyForDeploymentPostprocessing = 0;
		};
/* End PBXFrameworksBuildPhase section */

/* Begin PBXGroup section */
		0DE1DA7EDCD0AC461875AF48 /* Pods */ = {
			isa = PBXGroup;
			children = (
				3237E7DD5B03F8C452222D87 /* Pods-MVVM-Twitter.debug.xcconfig */,
				08055F9739B4208537284D59 /* Pods-MVVM-Twitter.release.xcconfig */,
			);
			path = Pods;
			sourceTree = "<group>";
		};
		3A94B6932401F39600B66957 = {
			isa = PBXGroup;
			children = (
				3A94B69E2401F39600B66957 /* MVVM-Twitter */,
				3A94B69D2401F39600B66957 /* Products */,
				0DE1DA7EDCD0AC461875AF48 /* Pods */,
				E74B513A6B81654E2B31F9D8 /* Frameworks */,
			);
			sourceTree = "<group>";
		};
		3A94B69D2401F39600B66957 /* Products */ = {
			isa = PBXGroup;
			children = (
				3A94B69C2401F39600B66957 /* MVVM-Twitter.app */,
			);
			name = Products;
			sourceTree = "<group>";
		};
		3A94B69E2401F39600B66957 /* MVVM-Twitter */ = {
			isa = PBXGroup;
			children = (
				3A94B6B32401F3DA00B66957 /* Model */,
				3A94B6B42401F3FF00B66957 /* View */,
				3A94B6B52401F40600B66957 /* Controller */,
				3A94B6B62401F40F00B66957 /* API */,
				3A94B6B72401F41900B66957 /* Helpers */,
				3A94B69F2401F39600B66957 /* AppDelegate.swift */,
				3A94B6A12401F39600B66957 /* SceneDelegate.swift */,
				3A94B6A82401F39800B66957 /* Assets.xcassets */,
				3A94B6AA2401F39800B66957 /* LaunchScreen.storyboard */,
				3A94B6AD2401F39800B66957 /* Info.plist */,
				3AAD8405240236D000C3ECE2 /* GoogleService-Info.plist */,
			);
			path = "MVVM-Twitter";
			sourceTree = "<group>";
		};
		3A94B6B32401F3DA00B66957 /* Model */ = {
			isa = PBXGroup;
			children = (
				3AC8F6212403638E00DD326D /* User.swift */,
			);
			path = Model;
			sourceTree = "<group>";
		};
		3A94B6B42401F3FF00B66957 /* View */ = {
			isa = PBXGroup;
			children = (
			);
			path = View;
			sourceTree = "<group>";
		};
		3A94B6B52401F40600B66957 /* Controller */ = {
			isa = PBXGroup;
			children = (
				3AAD840024021E5F00C3ECE2 /* Authentiocation */,
				3A94B6B82401F49900B66957 /* MainTabController.swift */,
				3A94B6BA2401F5E600B66957 /* FeedController.swift */,
				3A94B6BC2401F61500B66957 /* ExploreController.swift */,
				3A94B6BF2401F62A00B66957 /* NotificationController.swift */,
				3A94B6C12401F64200B66957 /* ConversationsController.swift */,
			);
			path = Controller;
			sourceTree = "<group>";
		};
		3A94B6B62401F40F00B66957 /* API */ = {
			isa = PBXGroup;
			children = (
				3AAA4D9324028A48007DCFAB /* AuthService.swift */,
				3AC8F61F240362EF00DD326D /* UserService.swift */,
			);
			path = API;
			sourceTree = "<group>";
		};
		3A94B6B72401F41900B66957 /* Helpers */ = {
			isa = PBXGroup;
			children = (
				3A459646240215F800F86A00 /* Extensions.swift */,
				3AAA4D9524028BCE007DCFAB /* Constracts.swift */,
				3AAA4D9724028C19007DCFAB /* FirestoreReferences.swift */,
			);
			path = Helpers;
			sourceTree = "<group>";
		};
		3AAD840024021E5F00C3ECE2 /* Authentiocation */ = {
			isa = PBXGroup;
			children = (
				3AAD840124021E7400C3ECE2 /* LoginVC.swift */,
				3AAD840324021EAE00C3ECE2 /* SignUpVC.swift */,
			);
			path = Authentiocation;
			sourceTree = "<group>";
		};
		E74B513A6B81654E2B31F9D8 /* Frameworks */ = {
			isa = PBXGroup;
			children = (
				06F70B706193EBAE17A4E456 /* Pods_MVVM_Twitter.framework */,
			);
			name = Frameworks;
			sourceTree = "<group>";
		};
/* End PBXGroup section */

/* Begin PBXNativeTarget section */
		3A94B69B2401F39600B66957 /* MVVM-Twitter */ = {
			isa = PBXNativeTarget;
			buildConfigurationList = 3A94B6B02401F39800B66957 /* Build configuration list for PBXNativeTarget "MVVM-Twitter" */;
			buildPhases = (
				F8465C27362B927C5331D495 /* [CP] Check Pods Manifest.lock */,
				3A94B6982401F39600B66957 /* Sources */,
				3A94B6992401F39600B66957 /* Frameworks */,
				3A94B69A2401F39600B66957 /* Resources */,
				B54E309A9A059C23AA3097EC /* [CP] Embed Pods Frameworks */,
			);
			buildRules = (
			);
			dependencies = (
			);
			name = "MVVM-Twitter";
			productName = "MVVM-Twitter";
			productReference = 3A94B69C2401F39600B66957 /* MVVM-Twitter.app */;
			productType = "com.apple.product-type.application";
		};
/* End PBXNativeTarget section */

/* Begin PBXProject section */
		3A94B6942401F39600B66957 /* Project object */ = {
			isa = PBXProject;
			attributes = {
				LastSwiftUpdateCheck = 1130;
				LastUpgradeCheck = 1130;
				ORGANIZATIONNAME = "Yuuki sakai";
				TargetAttributes = {
					3A94B69B2401F39600B66957 = {
						CreatedOnToolsVersion = 11.3.1;
					};
				};
			};
			buildConfigurationList = 3A94B6972401F39600B66957 /* Build configuration list for PBXProject "MVVM-Twitter" */;
			compatibilityVersion = "Xcode 9.3";
			developmentRegion = en;
			hasScannedForEncodings = 0;
			knownRegions = (
				en,
				Base,
			);
			mainGroup = 3A94B6932401F39600B66957;
			productRefGroup = 3A94B69D2401F39600B66957 /* Products */;
			projectDirPath = "";
			projectRoot = "";
			targets = (
				3A94B69B2401F39600B66957 /* MVVM-Twitter */,
			);
		};
/* End PBXProject section */

/* Begin PBXResourcesBuildPhase section */
		3A94B69A2401F39600B66957 /* Resources */ = {
			isa = PBXResourcesBuildPhase;
			buildActionMask = 2147483647;
			files = (
				3AAD8406240236D000C3ECE2 /* GoogleService-Info.plist in Resources */,
				3A94B6AC2401F39800B66957 /* LaunchScreen.storyboard in Resources */,
				3A94B6A92401F39800B66957 /* Assets.xcassets in Resources */,
			);
			runOnlyForDeploymentPostprocessing = 0;
		};
/* End PBXResourcesBuildPhase section */

/* Begin PBXShellScriptBuildPhase section */
		B54E309A9A059C23AA3097EC /* [CP] Embed Pods Frameworks */ = {
			isa = PBXShellScriptBuildPhase;
			buildActionMask = 2147483647;
			files = (
			);
			inputFileListPaths = (
				"${PODS_ROOT}/Target Support Files/Pods-MVVM-Twitter/Pods-MVVM-Twitter-frameworks-${CONFIGURATION}-input-files.xcfilelist",
			);
			name = "[CP] Embed Pods Frameworks";
			outputFileListPaths = (
				"${PODS_ROOT}/Target Support Files/Pods-MVVM-Twitter/Pods-MVVM-Twitter-frameworks-${CONFIGURATION}-output-files.xcfilelist",
			);
			runOnlyForDeploymentPostprocessing = 0;
			shellPath = /bin/sh;
			shellScript = "\"${PODS_ROOT}/Target Support Files/Pods-MVVM-Twitter/Pods-MVVM-Twitter-frameworks.sh\"\n";
			showEnvVarsInLog = 0;
		};
		F8465C27362B927C5331D495 /* [CP] Check Pods Manifest.lock */ = {
			isa = PBXShellScriptBuildPhase;
			buildActionMask = 2147483647;
			files = (
			);
			inputFileListPaths = (
			);
			inputPaths = (
				"${PODS_PODFILE_DIR_PATH}/Podfile.lock",
				"${PODS_ROOT}/Manifest.lock",
			);
			name = "[CP] Check Pods Manifest.lock";
			outputFileListPaths = (
			);
			outputPaths = (
				"$(DERIVED_FILE_DIR)/Pods-MVVM-Twitter-checkManifestLockResult.txt",
			);
			runOnlyForDeploymentPostprocessing = 0;
			shellPath = /bin/sh;
			shellScript = "diff \"${PODS_PODFILE_DIR_PATH}/Podfile.lock\" \"${PODS_ROOT}/Manifest.lock\" > /dev/null\nif [ $? != 0 ] ; then\n    # print error to STDERR\n    echo \"error: The sandbox is not in sync with the Podfile.lock. Run 'pod install' or update your CocoaPods installation.\" >&2\n    exit 1\nfi\n# This output is used by Xcode 'outputs' to avoid re-running this script phase.\necho \"SUCCESS\" > \"${SCRIPT_OUTPUT_FILE_0}\"\n";
			showEnvVarsInLog = 0;
		};
/* End PBXShellScriptBuildPhase section */

/* Begin PBXSourcesBuildPhase section */
		3A94B6982401F39600B66957 /* Sources */ = {
			isa = PBXSourcesBuildPhase;
			buildActionMask = 2147483647;
			files = (
				3AC8F620240362EF00DD326D /* UserService.swift in Sources */,
				3A94B6C02401F62A00B66957 /* NotificationController.swift in Sources */,
				3A94B6C22401F64200B66957 /* ConversationsController.swift in Sources */,
				3AAA4D9824028C19007DCFAB /* FirestoreReferences.swift in Sources */,
				3A459647240215F800F86A00 /* Extensions.swift in Sources */,
				3A94B6A02401F39600B66957 /* AppDelegate.swift in Sources */,
				3A94B6BD2401F61500B66957 /* ExploreController.swift in Sources */,
				3AAD840224021E7400C3ECE2 /* LoginVC.swift in Sources */,
				3AC8F6222403638E00DD326D /* User.swift in Sources */,
				3A94B6A22401F39600B66957 /* SceneDelegate.swift in Sources */,
				3AAA4D9624028BCE007DCFAB /* Constracts.swift in Sources */,
				3A94B6B92401F49900B66957 /* MainTabController.swift in Sources */,
				3AAD840424021EAE00C3ECE2 /* SignUpVC.swift in Sources */,
				3AAA4D9424028A48007DCFAB /* AuthService.swift in Sources */,
				3A94B6BB2401F5E600B66957 /* FeedController.swift in Sources */,
			);
			runOnlyForDeploymentPostprocessing = 0;
		};
/* End PBXSourcesBuildPhase section */

/* Begin PBXVariantGroup section */
		3A94B6AA2401F39800B66957 /* LaunchScreen.storyboard */ = {
			isa = PBXVariantGroup;
			children = (
				3A94B6AB2401F39800B66957 /* Base */,
			);
			name = LaunchScreen.storyboard;
			sourceTree = "<group>";
		};
/* End PBXVariantGroup section */

/* Begin XCBuildConfiguration section */
		3A94B6AE2401F39800B66957 /* Debug */ = {
			isa = XCBuildConfiguration;
			buildSettings = {
				ALWAYS_SEARCH_USER_PATHS = NO;
				CLANG_ANALYZER_NONNULL = YES;
				CLANG_ANALYZER_NUMBER_OBJECT_CONVERSION = YES_AGGRESSIVE;
				CLANG_CXX_LANGUAGE_STANDARD = "gnu++14";
				CLANG_CXX_LIBRARY = "libc++";
				CLANG_ENABLE_MODULES = YES;
				CLANG_ENABLE_OBJC_ARC = YES;
				CLANG_ENABLE_OBJC_WEAK = YES;
				CLANG_WARN_BLOCK_CAPTURE_AUTORELEASING = YES;
				CLANG_WARN_BOOL_CONVERSION = YES;
				CLANG_WARN_COMMA = YES;
				CLANG_WARN_CONSTANT_CONVERSION = YES;
				CLANG_WARN_DEPRECATED_OBJC_IMPLEMENTATIONS = YES;
				CLANG_WARN_DIRECT_OBJC_ISA_USAGE = YES_ERROR;
				CLANG_WARN_DOCUMENTATION_COMMENTS = YES;
				CLANG_WARN_EMPTY_BODY = YES;
				CLANG_WARN_ENUM_CONVERSION = YES;
				CLANG_WARN_INFINITE_RECURSION = YES;
				CLANG_WARN_INT_CONVERSION = YES;
				CLANG_WARN_NON_LITERAL_NULL_CONVERSION = YES;
				CLANG_WARN_OBJC_IMPLICIT_RETAIN_SELF = YES;
				CLANG_WARN_OBJC_LITERAL_CONVERSION = YES;
				CLANG_WARN_OBJC_ROOT_CLASS = YES_ERROR;
				CLANG_WARN_RANGE_LOOP_ANALYSIS = YES;
				CLANG_WARN_STRICT_PROTOTYPES = YES;
				CLANG_WARN_SUSPICIOUS_MOVE = YES;
				CLANG_WARN_UNGUARDED_AVAILABILITY = YES_AGGRESSIVE;
				CLANG_WARN_UNREACHABLE_CODE = YES;
				CLANG_WARN__DUPLICATE_METHOD_MATCH = YES;
				COPY_PHASE_STRIP = NO;
				DEBUG_INFORMATION_FORMAT = dwarf;
				ENABLE_STRICT_OBJC_MSGSEND = YES;
				ENABLE_TESTABILITY = YES;
				GCC_C_LANGUAGE_STANDARD = gnu11;
				GCC_DYNAMIC_NO_PIC = NO;
				GCC_NO_COMMON_BLOCKS = YES;
				GCC_OPTIMIZATION_LEVEL = 0;
				GCC_PREPROCESSOR_DEFINITIONS = (
					"DEBUG=1",
					"$(inherited)",
				);
				GCC_WARN_64_TO_32_BIT_CONVERSION = YES;
				GCC_WARN_ABOUT_RETURN_TYPE = YES_ERROR;
				GCC_WARN_UNDECLARED_SELECTOR = YES;
				GCC_WARN_UNINITIALIZED_AUTOS = YES_AGGRESSIVE;
				GCC_WARN_UNUSED_FUNCTION = YES;
				GCC_WARN_UNUSED_VARIABLE = YES;
				IPHONEOS_DEPLOYMENT_TARGET = 13.2;
				MTL_ENABLE_DEBUG_INFO = INCLUDE_SOURCE;
				MTL_FAST_MATH = YES;
				ONLY_ACTIVE_ARCH = YES;
				SDKROOT = iphoneos;
				SWIFT_ACTIVE_COMPILATION_CONDITIONS = DEBUG;
				SWIFT_OPTIMIZATION_LEVEL = "-Onone";
			};
			name = Debug;
		};
		3A94B6AF2401F39800B66957 /* Release */ = {
			isa = XCBuildConfiguration;
			buildSettings = {
				ALWAYS_SEARCH_USER_PATHS = NO;
				CLANG_ANALYZER_NONNULL = YES;
				CLANG_ANALYZER_NUMBER_OBJECT_CONVERSION = YES_AGGRESSIVE;
				CLANG_CXX_LANGUAGE_STANDARD = "gnu++14";
				CLANG_CXX_LIBRARY = "libc++";
				CLANG_ENABLE_MODULES = YES;
				CLANG_ENABLE_OBJC_ARC = YES;
				CLANG_ENABLE_OBJC_WEAK = YES;
				CLANG_WARN_BLOCK_CAPTURE_AUTORELEASING = YES;
				CLANG_WARN_BOOL_CONVERSION = YES;
				CLANG_WARN_COMMA = YES;
				CLANG_WARN_CONSTANT_CONVERSION = YES;
				CLANG_WARN_DEPRECATED_OBJC_IMPLEMENTATIONS = YES;
				CLANG_WARN_DIRECT_OBJC_ISA_USAGE = YES_ERROR;
				CLANG_WARN_DOCUMENTATION_COMMENTS = YES;
				CLANG_WARN_EMPTY_BODY = YES;
				CLANG_WARN_ENUM_CONVERSION = YES;
				CLANG_WARN_INFINITE_RECURSION = YES;
				CLANG_WARN_INT_CONVERSION = YES;
				CLANG_WARN_NON_LITERAL_NULL_CONVERSION = YES;
				CLANG_WARN_OBJC_IMPLICIT_RETAIN_SELF = YES;
				CLANG_WARN_OBJC_LITERAL_CONVERSION = YES;
				CLANG_WARN_OBJC_ROOT_CLASS = YES_ERROR;
				CLANG_WARN_RANGE_LOOP_ANALYSIS = YES;
				CLANG_WARN_STRICT_PROTOTYPES = YES;
				CLANG_WARN_SUSPICIOUS_MOVE = YES;
				CLANG_WARN_UNGUARDED_AVAILABILITY = YES_AGGRESSIVE;
				CLANG_WARN_UNREACHABLE_CODE = YES;
				CLANG_WARN__DUPLICATE_METHOD_MATCH = YES;
				COPY_PHASE_STRIP = NO;
				DEBUG_INFORMATION_FORMAT = "dwarf-with-dsym";
				ENABLE_NS_ASSERTIONS = NO;
				ENABLE_STRICT_OBJC_MSGSEND = YES;
				GCC_C_LANGUAGE_STANDARD = gnu11;
				GCC_NO_COMMON_BLOCKS = YES;
				GCC_WARN_64_TO_32_BIT_CONVERSION = YES;
				GCC_WARN_ABOUT_RETURN_TYPE = YES_ERROR;
				GCC_WARN_UNDECLARED_SELECTOR = YES;
				GCC_WARN_UNINITIALIZED_AUTOS = YES_AGGRESSIVE;
				GCC_WARN_UNUSED_FUNCTION = YES;
				GCC_WARN_UNUSED_VARIABLE = YES;
				IPHONEOS_DEPLOYMENT_TARGET = 13.2;
				MTL_ENABLE_DEBUG_INFO = NO;
				MTL_FAST_MATH = YES;
				SDKROOT = iphoneos;
				SWIFT_COMPILATION_MODE = wholemodule;
				SWIFT_OPTIMIZATION_LEVEL = "-O";
				VALIDATE_PRODUCT = YES;
			};
			name = Release;
		};
		3A94B6B12401F39800B66957 /* Debug */ = {
			isa = XCBuildConfiguration;
			baseConfigurationReference = 3237E7DD5B03F8C452222D87 /* Pods-MVVM-Twitter.debug.xcconfig */;
			buildSettings = {
				ASSETCATALOG_COMPILER_APPICON_NAME = AppIcon;
				CODE_SIGN_STYLE = Automatic;
				DEVELOPMENT_TEAM = 4KJFNVZ8R6;
				INFOPLIST_FILE = "MVVM-Twitter/Info.plist";
				LD_RUNPATH_SEARCH_PATHS = (
					"$(inherited)",
					"@executable_path/Frameworks",
				);
				PRODUCT_BUNDLE_IDENTIFIER = "mineo.jp.mac.pop.MVVM-Twitter";
				PRODUCT_NAME = "$(TARGET_NAME)";
				SWIFT_VERSION = 5.0;
				TARGETED_DEVICE_FAMILY = "1,2";
			};
			name = Debug;
		};
		3A94B6B22401F39800B66957 /* Release */ = {
			isa = XCBuildConfiguration;
			baseConfigurationReference = 08055F9739B4208537284D59 /* Pods-MVVM-Twitter.release.xcconfig */;
			buildSettings = {
				ASSETCATALOG_COMPILER_APPICON_NAME = AppIcon;
				CODE_SIGN_STYLE = Automatic;
				DEVELOPMENT_TEAM = 4KJFNVZ8R6;
				INFOPLIST_FILE = "MVVM-Twitter/Info.plist";
				LD_RUNPATH_SEARCH_PATHS = (
					"$(inherited)",
					"@executable_path/Frameworks",
				);
				PRODUCT_BUNDLE_IDENTIFIER = "mineo.jp.mac.pop.MVVM-Twitter";
				PRODUCT_NAME = "$(TARGET_NAME)";
				SWIFT_VERSION = 5.0;
				TARGETED_DEVICE_FAMILY = "1,2";
			};
			name = Release;
		};
/* End XCBuildConfiguration section */

/* Begin XCConfigurationList section */
		3A94B6972401F39600B66957 /* Build configuration list for PBXProject "MVVM-Twitter" */ = {
			isa = XCConfigurationList;
			buildConfigurations = (
				3A94B6AE2401F39800B66957 /* Debug */,
				3A94B6AF2401F39800B66957 /* Release */,
			);
			defaultConfigurationIsVisible = 0;
			defaultConfigurationName = Release;
		};
		3A94B6B02401F39800B66957 /* Build configuration list for PBXNativeTarget "MVVM-Twitter" */ = {
			isa = XCConfigurationList;
			buildConfigurations = (
				3A94B6B12401F39800B66957 /* Debug */,
				3A94B6B22401F39800B66957 /* Release */,
			);
			defaultConfigurationIsVisible = 0;
			defaultConfigurationName = Release;
		};
/* End XCConfigurationList section */
	};
	rootObject = 3A94B6942401F39600B66957 /* Project object */;
}
